
Microsoft Visual Studio Solution File, Format Version 12.00
# Visual Studio Version 17
VisualStudioVersion = 17.5.002.0
MinimumVisualStudioVersion = 10.0.40219.1
Project("{2150E333-8FDC-42A3-9474-1A3956D46DE8}") = "csharp-prep", "csharp-prep", "{2DBCDF99-AE4B-4371-A5D5-F656F3DDE5C8}"
EndProject
Project("{9A19103F-16F7-4668-BE54-9A1E7A4F7556}") = "Prep1", "csharp-prep\Prep1\Prep1.csproj", "{CDC33B98-FCE4-46A7-B11D-370B73936D7D}"
EndProject
Project("{9A19103F-16F7-4668-BE54-9A1E7A4F7556}") = "Prep2", "csharp-prep\Prep2\Prep2.csproj", "{0545BBAD-291F-4450-B96C-6B7992DD386B}"
EndProject
Project("{9A19103F-16F7-4668-BE54-9A1E7A4F7556}") = "Prep3", "csharp-prep\Prep3\Prep3.csproj", "{EAA455A9-8EFD-47D4-AA1F-76380AC3B01A}"
EndProject
Project("{9A19103F-16F7-4668-BE54-9A1E7A4F7556}") = "Prep4", "csharp-prep\Prep4\Prep4.csproj", "{E837CF75-D4C8-4935-9B56-6C3D50603FA3}"
EndProject
Project("{9A19103F-16F7-4668-BE54-9A1E7A4F7556}") = "Prep5", "csharp-prep\Prep5\Prep5.csproj", "{63488CFE-38D0-40E3-B203-11591FC7F84C}"
EndProject
Project("{2150E333-8FDC-42A3-9474-1A3956D46DE8}") = "final", "final", "{85DF584D-B817-4C1E-88DE-AC57AA8B664B}"
EndProject
Project("{9A19103F-16F7-4668-BE54-9A1E7A4F7556}") = "FinalProject", "final\FinalProject\FinalProject.csproj", "{F0BACDD5-3E41-442B-BDBD-8E30CF4D098A}"
EndProject
Project("{9A19103F-16F7-4668-BE54-9A1E7A4F7556}") = "Foundation1", "final\Foundation1\Foundation1.csproj", "{DD3836CE-A14B-46A2-817A-8DCB79DD4240}"
EndProject
Project("{9A19103F-16F7-4668-BE54-9A1E7A4F7556}") = "Foundation2", "final\Foundation2\Foundation2.csproj", "{A7AE0B41-2C4E-48B5-8A79-79718E8171B6}"
EndProject
Project("{9A19103F-16F7-4668-BE54-9A1E7A4F7556}") = "Foundation3", "final\Foundation3\Foundation3.csproj", "{A24E7CCB-B16C-4EBC-B68D-1BB2E066B268}"
EndProject
Project("{9A19103F-16F7-4668-BE54-9A1E7A4F7556}") = "Foundation4", "final\Foundation4\Foundation4.csproj", "{E3044352-E594-4B48-93D9-D75B59C6A9B4}"
EndProject
Project("{2150E333-8FDC-42A3-9474-1A3956D46DE8}") = "prepare", "prepare", "{9891A047-F55C-48A1-833A-66D1E16EA2B0}"
EndProject
Project("{9A19103F-16F7-4668-BE54-9A1E7A4F7556}") = "Learning02", "prepare\Learning02\Learning02.csproj", "{607FDF22-D0D3-4DA7-81D1-775CD30C26EC}"
EndProject
Project("{9A19103F-16F7-4668-BE54-9A1E7A4F7556}") = "Learning03", "prepare\Learning03\Learning03.csproj", "{79E28DE6-7B98-4EB5-9C0E-E179A6B6F057}"
EndProject
Project("{9A19103F-16F7-4668-BE54-9A1E7A4F7556}") = "Learning04", "prepare\Learning04\Learning04.csproj", "{11D8ABEA-8C6E-43F4-8963-A6925DD0E55B}"
EndProject
Project("{9A19103F-16F7-4668-BE54-9A1E7A4F7556}") = "Learning05", "prepare\Learning05\Learning05.csproj", "{E43A9E66-1DD5-4574-AF1C-DC29916A6B5C}"
EndProject
Project("{2150E333-8FDC-42A3-9474-1A3956D46DE8}") = "prove", "prove", "{8D56D981-DCCD-48CA-BB2A-680994FC3EAE}"
EndProject
Project("{9A19103F-16F7-4668-BE54-9A1E7A4F7556}") = "Develop02", "prove\Develop02\Develop02.csproj", "{13427517-4095-4B5E-A371-7EF3740D8E05}"
EndProject
Project("{9A19103F-16F7-4668-BE54-9A1E7A4F7556}") = "Develop03", "prove\Develop03\Develop03.csproj", "{C9DE92EF-EADD-46DF-8424-F20E64B69EA9}"
EndProject
Project("{9A19103F-16F7-4668-BE54-9A1E7A4F7556}") = "Develop04", "prove\Develop04\Develop04.csproj", "{1379AFE1-3B95-45AA-AA44-02BED15EFADA}"
EndProject
Project("{9A19103F-16F7-4668-BE54-9A1E7A4F7556}") = "Develop05", "prove\Develop05\Develop05.csproj", "{AC0D02B0-00B2-49F8-B3EE-4D608A35A647}"
EndProject
Project("{2150E333-8FDC-42A3-9474-1A3956D46DE8}") = "sandbox", "sandbox", "{7B256289-4C6F-4716-8953-43393EAC647D}"
EndProject
Project("{9A19103F-16F7-4668-BE54-9A1E7A4F7556}") = "Sandbox", "sandbox\Sandbox\Sandbox.csproj", "{FC2EEF7C-1687-4AA1-9A35-80D3BB10A03A}"
EndProject
Global
	GlobalSection(SolutionConfigurationPlatforms) = preSolution
		Debug|Any CPU = Debug|Any CPU
		Release|Any CPU = Release|Any CPU
	EndGlobalSection
	GlobalSection(ProjectConfigurationPlatforms) = postSolution
		{CDC33B98-FCE4-46A7-B11D-370B73936D7D}.Debug|Any CPU.ActiveCfg = Debug|Any CPU
		{CDC33B98-FCE4-46A7-B11D-370B73936D7D}.Debug|Any CPU.Build.0 = Debug|Any CPU
		{CDC33B98-FCE4-46A7-B11D-370B73936D7D}.Release|Any CPU.ActiveCfg = Release|Any CPU
		{CDC33B98-FCE4-46A7-B11D-370B73936D7D}.Release|Any CPU.Build.0 = Release|Any CPU
		{0545BBAD-291F-4450-B96C-6B7992DD386B}.Debug|Any CPU.ActiveCfg = Debug|Any CPU
		{0545BBAD-291F-4450-B96C-6B7992DD386B}.Debug|Any CPU.Build.0 = Debug|Any CPU
		{0545BBAD-291F-4450-B96C-6B7992DD386B}.Release|Any CPU.ActiveCfg = Release|Any CPU
		{0545BBAD-291F-4450-B96C-6B7992DD386B}.Release|Any CPU.Build.0 = Release|Any CPU
		{EAA455A9-8EFD-47D4-AA1F-76380AC3B01A}.Debug|Any CPU.ActiveCfg = Debug|Any CPU
		{EAA455A9-8EFD-47D4-AA1F-76380AC3B01A}.Debug|Any CPU.Build.0 = Debug|Any CPU
		{EAA455A9-8EFD-47D4-AA1F-76380AC3B01A}.Release|Any CPU.ActiveCfg = Release|Any CPU
		{EAA455A9-8EFD-47D4-AA1F-76380AC3B01A}.Release|Any CPU.Build.0 = Release|Any CPU
		{E837CF75-D4C8-4935-9B56-6C3D50603FA3}.Debug|Any CPU.ActiveCfg = Debug|Any CPU
		{E837CF75-D4C8-4935-9B56-6C3D50603FA3}.Debug|Any CPU.Build.0 = Debug|Any CPU
		{E837CF75-D4C8-4935-9B56-6C3D50603FA3}.Release|Any CPU.ActiveCfg = Release|Any CPU
		{E837CF75-D4C8-4935-9B56-6C3D50603FA3}.Release|Any CPU.Build.0 = Release|Any CPU
		{63488CFE-38D0-40E3-B203-11591FC7F84C}.Debug|Any CPU.ActiveCfg = Debug|Any CPU
		{63488CFE-38D0-40E3-B203-11591FC7F84C}.Debug|Any CPU.Build.0 = Debug|Any CPU
		{63488CFE-38D0-40E3-B203-11591FC7F84C}.Release|Any CPU.ActiveCfg = Release|Any CPU
		{63488CFE-38D0-40E3-B203-11591FC7F84C}.Release|Any CPU.Build.0 = Release|Any CPU
		{F0BACDD5-3E41-442B-BDBD-8E30CF4D098A}.Debug|Any CPU.ActiveCfg = Debug|Any CPU
		{F0BACDD5-3E41-442B-BDBD-8E30CF4D098A}.Debug|Any CPU.Build.0 = Debug|Any CPU
		{F0BACDD5-3E41-442B-BDBD-8E30CF4D098A}.Release|Any CPU.ActiveCfg = Release|Any CPU
		{F0BACDD5-3E41-442B-BDBD-8E30CF4D098A}.Release|Any CPU.Build.0 = Release|Any CPU
		{DD3836CE-A14B-46A2-817A-8DCB79DD4240}.Debug|Any CPU.ActiveCfg = Debug|Any CPU
		{DD3836CE-A14B-46A2-817A-8DCB79DD4240}.Debug|Any CPU.Build.0 = Debug|Any CPU
		{DD3836CE-A14B-46A2-817A-8DCB79DD4240}.Release|Any CPU.ActiveCfg = Release|Any CPU
		{DD3836CE-A14B-46A2-817A-8DCB79DD4240}.Release|Any CPU.Build.0 = Release|Any CPU
		{A7AE0B41-2C4E-48B5-8A79-79718E8171B6}.Debug|Any CPU.ActiveCfg = Debug|Any CPU
		{A7AE0B41-2C4E-48B5-8A79-79718E8171B6}.Debug|Any CPU.Build.0 = Debug|Any CPU
		{A7AE0B41-2C4E-48B5-8A79-79718E8171B6}.Release|Any CPU.ActiveCfg = Release|Any CPU
		{A7AE0B41-2C4E-48B5-8A79-79718E8171B6}.Release|Any CPU.Build.0 = Release|Any CPU
		{A24E7CCB-B16C-4EBC-B68D-1BB2E066B268}.Debug|Any CPU.ActiveCfg = Debug|Any CPU
		{A24E7CCB-B16C-4EBC-B68D-1BB2E066B268}.Debug|Any CPU.Build.0 = Debug|Any CPU
		{A24E7CCB-B16C-4EBC-B68D-1BB2E066B268}.Release|Any CPU.ActiveCfg = Release|Any CPU
		{A24E7CCB-B16C-4EBC-B68D-1BB2E066B268}.Release|Any CPU.Build.0 = Release|Any CPU
		{E3044352-E594-4B48-93D9-D75B59C6A9B4}.Debug|Any CPU.ActiveCfg = Debug|Any CPU
		{E3044352-E594-4B48-93D9-D75B59C6A9B4}.Debug|Any CPU.Build.0 = Debug|Any CPU
		{E3044352-E594-4B48-93D9-D75B59C6A9B4}.Release|Any CPU.ActiveCfg = Release|Any CPU
		{E3044352-E594-4B48-93D9-D75B59C6A9B4}.Release|Any CPU.Build.0 = Release|Any CPU
		{607FDF22-D0D3-4DA7-81D1-775CD30C26EC}.Debug|Any CPU.ActiveCfg = Debug|Any CPU
		{607FDF22-D0D3-4DA7-81D1-775CD30C26EC}.Debug|Any CPU.Build.0 = Debug|Any CPU
		{607FDF22-D0D3-4DA7-81D1-775CD30C26EC}.Release|Any CPU.ActiveCfg = Release|Any CPU
		{607FDF22-D0D3-4DA7-81D1-775CD30C26EC}.Release|Any CPU.Build.0 = Release|Any CPU
		{79E28DE6-7B98-4EB5-9C0E-E179A6B6F057}.Debug|Any CPU.ActiveCfg = Debug|Any CPU
		{79E28DE6-7B98-4EB5-9C0E-E179A6B6F057}.Debug|Any CPU.Build.0 = Debug|Any CPU
		{79E28DE6-7B98-4EB5-9C0E-E179A6B6F057}.Release|Any CPU.ActiveCfg = Release|Any CPU
		{79E28DE6-7B98-4EB5-9C0E-E179A6B6F057}.Release|Any CPU.Build.0 = Release|Any CPU
		{11D8ABEA-8C6E-43F4-8963-A6925DD0E55B}.Debug|Any CPU.ActiveCfg = Debug|Any CPU
		{11D8ABEA-8C6E-43F4-8963-A6925DD0E55B}.Debug|Any CPU.Build.0 = Debug|Any CPU
		{11D8ABEA-8C6E-43F4-8963-A6925DD0E55B}.Release|Any CPU.ActiveCfg = Release|Any CPU
		{11D8ABEA-8C6E-43F4-8963-A6925DD0E55B}.Release|Any CPU.Build.0 = Release|Any CPU
		{E43A9E66-1DD5-4574-AF1C-DC29916A6B5C}.Debug|Any CPU.ActiveCfg = Debug|Any CPU
		{E43A9E66-1DD5-4574-AF1C-DC29916A6B5C}.Debug|Any CPU.Build.0 = Debug|Any CPU
		{E43A9E66-1DD5-4574-AF1C-DC29916A6B5C}.Release|Any CPU.ActiveCfg = Release|Any CPU
		{E43A9E66-1DD5-4574-AF1C-DC29916A6B5C}.Release|Any CPU.Build.0 = Release|Any CPU
		{13427517-4095-4B5E-A371-7EF3740D8E05}.Debug|Any CPU.ActiveCfg = Debug|Any CPU
		{13427517-4095-4B5E-A371-7EF3740D8E05}.Debug|Any CPU.Build.0 = Debug|Any CPU
		{13427517-4095-4B5E-A371-7EF3740D8E05}.Release|Any CPU.ActiveCfg = Release|Any CPU
		{13427517-4095-4B5E-A371-7EF3740D8E05}.Release|Any CPU.Build.0 = Release|Any CPU
		{C9DE92EF-EADD-46DF-8424-F20E64B69EA9}.Debug|Any CPU.ActiveCfg = Debug|Any CPU
		{C9DE92EF-EADD-46DF-8424-F20E64B69EA9}.Debug|Any CPU.Build.0 = Debug|Any CPU
		{C9DE92EF-EADD-46DF-8424-F20E64B69EA9}.Release|Any CPU.ActiveCfg = Release|Any CPU
		{C9DE92EF-EADD-46DF-8424-F20E64B69EA9}.Release|Any CPU.Build.0 = Release|Any CPU
		{1379AFE1-3B95-45AA-AA44-02BED15EFADA}.Debug|Any CPU.ActiveCfg = Debug|Any CPU
		{1379AFE1-3B95-45AA-AA44-02BED15EFADA}.Debug|Any CPU.Build.0 = Debug|Any CPU
		{1379AFE1-3B95-45AA-AA44-02BED15EFADA}.Release|Any CPU.ActiveCfg = Release|Any CPU
		{1379AFE1-3B95-45AA-AA44-02BED15EFADA}.Release|Any CPU.Build.0 = Release|Any CPU
		{AC0D02B0-00B2-49F8-B3EE-4D608A35A647}.Debug|Any CPU.ActiveCfg = Debug|Any CPU
		{AC0D02B0-00B2-49F8-B3EE-4D608A35A647}.Debug|Any CPU.Build.0 = Debug|Any CPU
		{AC0D02B0-00B2-49F8-B3EE-4D608A35A647}.Release|Any CPU.ActiveCfg = Release|Any CPU
		{AC0D02B0-00B2-49F8-B3EE-4D608A35A647}.Release|Any CPU.Build.0 = Release|Any CPU
		{FC2EEF7C-1687-4AA1-9A35-80D3BB10A03A}.Debug|Any CPU.ActiveCfg = Debug|Any CPU
		{FC2EEF7C-1687-4AA1-9A35-80D3BB10A03A}.Debug|Any CPU.Build.0 = Debug|Any CPU
		{FC2EEF7C-1687-4AA1-9A35-80D3BB10A03A}.Release|Any CPU.ActiveCfg = Release|Any CPU
		{FC2EEF7C-1687-4AA1-9A35-80D3BB10A03A}.Release|Any CPU.Build.0 = Release|Any CPU
	EndGlobalSection
	GlobalSection(SolutionProperties) = preSolution
		HideSolutionNode = FALSE
	EndGlobalSection
	GlobalSection(NestedProjects) = preSolution
		{CDC33B98-FCE4-46A7-B11D-370B73936D7D} = {2DBCDF99-AE4B-4371-A5D5-F656F3DDE5C8}
		{0545BBAD-291F-4450-B96C-6B7992DD386B} = {2DBCDF99-AE4B-4371-A5D5-F656F3DDE5C8}
		{EAA455A9-8EFD-47D4-AA1F-76380AC3B01A} = {2DBCDF99-AE4B-4371-A5D5-F656F3DDE5C8}
		{E837CF75-D4C8-4935-9B56-6C3D50603FA3} = {2DBCDF99-AE4B-4371-A5D5-F656F3DDE5C8}
		{63488CFE-38D0-40E3-B203-11591FC7F84C} = {2DBCDF99-AE4B-4371-A5D5-F656F3DDE5C8}
		{F0BACDD5-3E41-442B-BDBD-8E30CF4D098A} = {85DF584D-B817-4C1E-88DE-AC57AA8B664B}
		{DD3836CE-A14B-46A2-817A-8DCB79DD4240} = {85DF584D-B817-4C1E-88DE-AC57AA8B664B}
		{A7AE0B41-2C4E-48B5-8A79-79718E8171B6} = {85DF584D-B817-4C1E-88DE-AC57AA8B664B}
		{A24E7CCB-B16C-4EBC-B68D-1BB2E066B268} = {85DF584D-B817-4C1E-88DE-AC57AA8B664B}
		{E3044352-E594-4B48-93D9-D75B59C6A9B4} = {85DF584D-B817-4C1E-88DE-AC57AA8B664B}
		{607FDF22-D0D3-4DA7-81D1-775CD30C26EC} = {9891A047-F55C-48A1-833A-66D1E16EA2B0}
		{79E28DE6-7B98-4EB5-9C0E-E179A6B6F057} = {9891A047-F55C-48A1-833A-66D1E16EA2B0}
		{11D8ABEA-8C6E-43F4-8963-A6925DD0E55B} = {9891A047-F55C-48A1-833A-66D1E16EA2B0}
		{E43A9E66-1DD5-4574-AF1C-DC29916A6B5C} = {9891A047-F55C-48A1-833A-66D1E16EA2B0}
		{13427517-4095-4B5E-A371-7EF3740D8E05} = {8D56D981-DCCD-48CA-BB2A-680994FC3EAE}
		{C9DE92EF-EADD-46DF-8424-F20E64B69EA9} = {8D56D981-DCCD-48CA-BB2A-680994FC3EAE}
		{1379AFE1-3B95-45AA-AA44-02BED15EFADA} = {8D56D981-DCCD-48CA-BB2A-680994FC3EAE}
		{AC0D02B0-00B2-49F8-B3EE-4D608A35A647} = {8D56D981-DCCD-48CA-BB2A-680994FC3EAE}
		{FC2EEF7C-1687-4AA1-9A35-80D3BB10A03A} = {7B256289-4C6F-4716-8953-43393EAC647D}
	EndGlobalSection
	GlobalSection(ExtensibilityGlobals) = postSolution
		SolutionGuid = {88C9965D-88A2-4487-A825-C9E1BF1B5A9E}
	EndGlobalSection
EndGlobal
